// !$*UTF8*$!
{
	archiveVersion = 1;
	classes = {
	};
	objectVersion = 48;
	objects = {

/* Begin PBXBuildFile section */
		24017ECD2160796F00F592B3 /* AppDelegate.m in Sources */ = {isa = PBXBuildFile; fileRef = 24017ECC2160796F00F592B3 /* AppDelegate.m */; };
		24017ED02160796F00F592B3 /* ViewController.m in Sources */ = {isa = PBXBuildFile; fileRef = 24017ECF2160796F00F592B3 /* ViewController.m */; };
		24017ED32160796F00F592B3 /* Main.storyboard in Resources */ = {isa = PBXBuildFile; fileRef = 24017ED12160796F00F592B3 /* Main.storyboard */; };
		24017ED52160796F00F592B3 /* Assets.xcassets in Resources */ = {isa = PBXBuildFile; fileRef = 24017ED42160796F00F592B3 /* Assets.xcassets */; };
		24017ED82160796F00F592B3 /* LaunchScreen.storyboard in Resources */ = {isa = PBXBuildFile; fileRef = 24017ED62160796F00F592B3 /* LaunchScreen.storyboard */; };
		24017EDB2160796F00F592B3 /* main.m in Sources */ = {isa = PBXBuildFile; fileRef = 24017EDA2160796F00F592B3 /* main.m */; };
		24017EE52160796F00F592B3 /* Realm_ObjCTests.m in Sources */ = {isa = PBXBuildFile; fileRef = 24017EE42160796F00F592B3 /* Realm_ObjCTests.m */; };
		24017EF02160796F00F592B3 /* Realm_ObjCUITests.m in Sources */ = {isa = PBXBuildFile; fileRef = 24017EEF2160796F00F592B3 /* Realm_ObjCUITests.m */; };
		24017EFE21607EEC00F592B3 /* 01_简单的数据操作.m in Sources */ = {isa = PBXBuildFile; fileRef = 24017EFD21607EEC00F592B3 /* 01_简单的数据操作.m */; };
		243B595C216C423F00CBFA28 /* Stu.m in Sources */ = {isa = PBXBuildFile; fileRef = 243B595B216C423F00CBFA28 /* Stu.m */; };
		243B595E216C6B5900CBFA28 /* a.jpeg in Resources */ = {isa = PBXBuildFile; fileRef = 243B595D216C6B5900CBFA28 /* a.jpeg */; };
		243B5961216C784900CBFA28 /* DataType.m in Sources */ = {isa = PBXBuildFile; fileRef = 243B5960216C784900CBFA28 /* DataType.m */; };
		243B5964216C8E5400CBFA28 /* DataMigration.m in Sources */ = {isa = PBXBuildFile; fileRef = 243B5963216C8E5400CBFA28 /* DataMigration.m */; };
		24BB8F9E2160BED3005324E4 /* Person.m in Sources */ = {isa = PBXBuildFile; fileRef = 24BB8F9D2160BED3005324E4 /* Person.m */; };
		24BB8FA12160C387005324E4 /* Dog.m in Sources */ = {isa = PBXBuildFile; fileRef = 24BB8FA02160C387005324E4 /* Dog.m */; };
		3F711A2EC761462AF9F037A2 /* libPods-Realm-ObjCTests.a in Frameworks */ = {isa = PBXBuildFile; fileRef = 222258C1E6DA86AF098DC2D8 /* libPods-Realm-ObjCTests.a */; };
		3FA47CE9BF2623384D024B0D /* libPods-Realm-ObjC.a in Frameworks */ = {isa = PBXBuildFile; fileRef = 37EBD52AC1E7811735A208C1 /* libPods-Realm-ObjC.a */; };
/* End PBXBuildFile section */

/* Begin PBXContainerItemProxy section */
		24017EE12160796F00F592B3 /* PBXContainerItemProxy */ = {
			isa = PBXContainerItemProxy;
			containerPortal = 24017EC02160796F00F592B3 /* Project object */;
			proxyType = 1;
			remoteGlobalIDString = 24017EC72160796F00F592B3;
			remoteInfo = "Realm-ObjC";
		};
		24017EEC2160796F00F592B3 /* PBXContainerItemProxy */ = {
			isa = PBXContainerItemProxy;
			containerPortal = 24017EC02160796F00F592B3 /* Project object */;
			proxyType = 1;
			remoteGlobalIDString = 24017EC72160796F00F592B3;
			remoteInfo = "Realm-ObjC";
		};
/* End PBXContainerItemProxy section */

/* Begin PBXFileReference section */
		04993691AD223F651C33008E /* Pods-Realm-ObjC.release.xcconfig */ = {isa = PBXFileReference; includeInIndex = 1; lastKnownFileType = text.xcconfig; name = "Pods-Realm-ObjC.release.xcconfig"; path = "Pods/Target Support Files/Pods-Realm-ObjC/Pods-Realm-ObjC.release.xcconfig"; sourceTree = "<group>"; };
		222258C1E6DA86AF098DC2D8 /* libPods-Realm-ObjCTests.a */ = {isa = PBXFileReference; explicitFileType = archive.ar; includeInIndex = 0; path = "libPods-Realm-ObjCTests.a"; sourceTree = BUILT_PRODUCTS_DIR; };
		24017EC82160796F00F592B3 /* Realm-ObjC.app */ = {isa = PBXFileReference; explicitFileType = wrapper.application; includeInIndex = 0; path = "Realm-ObjC.app"; sourceTree = BUILT_PRODUCTS_DIR; };
		24017ECB2160796F00F592B3 /* AppDelegate.h */ = {isa = PBXFileReference; lastKnownFileType = sourcecode.c.h; path = AppDelegate.h; sourceTree = "<group>"; };
		24017ECC2160796F00F592B3 /* AppDelegate.m */ = {isa = PBXFileReference; lastKnownFileType = sourcecode.c.objc; path = AppDelegate.m; sourceTree = "<group>"; };
		24017ECE2160796F00F592B3 /* ViewController.h */ = {isa = PBXFileReference; lastKnownFileType = sourcecode.c.h; path = ViewController.h; sourceTree = "<group>"; };
		24017ECF2160796F00F592B3 /* ViewController.m */ = {isa = PBXFileReference; lastKnownFileType = sourcecode.c.objc; path = ViewController.m; sourceTree = "<group>"; };
		24017ED22160796F00F592B3 /* Base */ = {isa = PBXFileReference; lastKnownFileType = file.storyboard; name = Base; path = Base.lproj/Main.storyboard; sourceTree = "<group>"; };
		24017ED42160796F00F592B3 /* Assets.xcassets */ = {isa = PBXFileReference; lastKnownFileType = folder.assetcatalog; path = Assets.xcassets; sourceTree = "<group>"; };
		24017ED72160796F00F592B3 /* Base */ = {isa = PBXFileReference; lastKnownFileType = file.storyboard; name = Base; path = Base.lproj/LaunchScreen.storyboard; sourceTree = "<group>"; };
		24017ED92160796F00F592B3 /* Info.plist */ = {isa = PBXFileReference; lastKnownFileType = text.plist.xml; path = Info.plist; sourceTree = "<group>"; };
		24017EDA2160796F00F592B3 /* main.m */ = {isa = PBXFileReference; lastKnownFileType = sourcecode.c.objc; path = main.m; sourceTree = "<group>"; };
		24017EE02160796F00F592B3 /* Realm-ObjCTests.xctest */ = {isa = PBXFileReference; explicitFileType = wrapper.cfbundle; includeInIndex = 0; path = "Realm-ObjCTests.xctest"; sourceTree = BUILT_PRODUCTS_DIR; };
		24017EE42160796F00F592B3 /* Realm_ObjCTests.m */ = {isa = PBXFileReference; lastKnownFileType = sourcecode.c.objc; path = Realm_ObjCTests.m; sourceTree = "<group>"; };
		24017EE62160796F00F592B3 /* Info.plist */ = {isa = PBXFileReference; lastKnownFileType = text.plist.xml; path = Info.plist; sourceTree = "<group>"; };
		24017EEB2160796F00F592B3 /* Realm-ObjCUITests.xctest */ = {isa = PBXFileReference; explicitFileType = wrapper.cfbundle; includeInIndex = 0; path = "Realm-ObjCUITests.xctest"; sourceTree = BUILT_PRODUCTS_DIR; };
		24017EEF2160796F00F592B3 /* Realm_ObjCUITests.m */ = {isa = PBXFileReference; lastKnownFileType = sourcecode.c.objc; path = Realm_ObjCUITests.m; sourceTree = "<group>"; };
		24017EF12160796F00F592B3 /* Info.plist */ = {isa = PBXFileReference; lastKnownFileType = text.plist.xml; path = Info.plist; sourceTree = "<group>"; };
		24017EFD21607EEC00F592B3 /* 01_简单的数据操作.m */ = {isa = PBXFileReference; lastKnownFileType = sourcecode.c.objc; path = "01_简单的数据操作.m"; sourceTree = "<group>"; };
		243B595A216C423F00CBFA28 /* Stu.h */ = {isa = PBXFileReference; lastKnownFileType = sourcecode.c.h; path = Stu.h; sourceTree = "<group>"; };
		243B595B216C423F00CBFA28 /* Stu.m */ = {isa = PBXFileReference; lastKnownFileType = sourcecode.c.objc; path = Stu.m; sourceTree = "<group>"; };
		243B595D216C6B5900CBFA28 /* a.jpeg */ = {isa = PBXFileReference; lastKnownFileType = image.jpeg; path = a.jpeg; sourceTree = "<group>"; };
		243B595F216C784900CBFA28 /* DataType.h */ = {isa = PBXFileReference; lastKnownFileType = sourcecode.c.h; path = DataType.h; sourceTree = "<group>"; };
		243B5960216C784900CBFA28 /* DataType.m */ = {isa = PBXFileReference; lastKnownFileType = sourcecode.c.objc; path = DataType.m; sourceTree = "<group>"; };
		243B5962216C8E5400CBFA28 /* DataMigration.h */ = {isa = PBXFileReference; lastKnownFileType = sourcecode.c.h; path = DataMigration.h; sourceTree = "<group>"; };
		243B5963216C8E5400CBFA28 /* DataMigration.m */ = {isa = PBXFileReference; lastKnownFileType = sourcecode.c.objc; path = DataMigration.m; sourceTree = "<group>"; };
		24BB8F9C2160BED3005324E4 /* Person.h */ = {isa = PBXFileReference; lastKnownFileType = sourcecode.c.h; path = Person.h; sourceTree = "<group>"; };
		24BB8F9D2160BED3005324E4 /* Person.m */ = {isa = PBXFileReference; lastKnownFileType = sourcecode.c.objc; path = Person.m; sourceTree = "<group>"; };
		24BB8F9F2160C387005324E4 /* Dog.h */ = {isa = PBXFileReference; lastKnownFileType = sourcecode.c.h; path = Dog.h; sourceTree = "<group>"; };
		24BB8FA02160C387005324E4 /* Dog.m */ = {isa = PBXFileReference; lastKnownFileType = sourcecode.c.objc; path = Dog.m; sourceTree = "<group>"; };
		37EBD52AC1E7811735A208C1 /* libPods-Realm-ObjC.a */ = {isa = PBXFileReference; explicitFileType = archive.ar; includeInIndex = 0; path = "libPods-Realm-ObjC.a"; sourceTree = BUILT_PRODUCTS_DIR; };
		6D7ABB7784AFB28248CF65E5 /* Pods-Realm-ObjCTests.debug.xcconfig */ = {isa = PBXFileReference; includeInIndex = 1; lastKnownFileType = text.xcconfig; name = "Pods-Realm-ObjCTests.debug.xcconfig"; path = "Pods/Target Support Files/Pods-Realm-ObjCTests/Pods-Realm-ObjCTests.debug.xcconfig"; sourceTree = "<group>"; };
		A0944B638A3DABF12E9F2563 /* Pods-Realm-ObjC.debug.xcconfig */ = {isa = PBXFileReference; includeInIndex = 1; lastKnownFileType = text.xcconfig; name = "Pods-Realm-ObjC.debug.xcconfig"; path = "Pods/Target Support Files/Pods-Realm-ObjC/Pods-Realm-ObjC.debug.xcconfig"; sourceTree = "<group>"; };
		BB70ED79043703725B6A4BCF /* Pods-Realm-ObjCTests.release.xcconfig */ = {isa = PBXFileReference; includeInIndex = 1; lastKnownFileType = text.xcconfig; name = "Pods-Realm-ObjCTests.release.xcconfig"; path = "Pods/Target Support Files/Pods-Realm-ObjCTests/Pods-Realm-ObjCTests.release.xcconfig"; sourceTree = "<group>"; };
/* End PBXFileReference section */

/* Begin PBXFrameworksBuildPhase section */
		24017EC52160796F00F592B3 /* Frameworks */ = {
			isa = PBXFrameworksBuildPhase;
			buildActionMask = 2147483647;
			files = (
				3FA47CE9BF2623384D024B0D /* libPods-Realm-ObjC.a in Frameworks */,
			);
			runOnlyForDeploymentPostprocessing = 0;
		};
		24017EDD2160796F00F592B3 /* Frameworks */ = {
			isa = PBXFrameworksBuildPhase;
			buildActionMask = 2147483647;
			files = (
				3F711A2EC761462AF9F037A2 /* libPods-Realm-ObjCTests.a in Frameworks */,
			);
			runOnlyForDeploymentPostprocessing = 0;
		};
		24017EE82160796F00F592B3 /* Frameworks */ = {
			isa = PBXFrameworksBuildPhase;
			buildActionMask = 2147483647;
			files = (
			);
			runOnlyForDeploymentPostprocessing = 0;
		};
/* End PBXFrameworksBuildPhase section */

/* Begin PBXGroup section */
		24017EBF2160796F00F592B3 = {
			isa = PBXGroup;
			children = (
				24017ECA2160796F00F592B3 /* Realm-ObjC */,
				24017EE32160796F00F592B3 /* Realm-ObjCTests */,
				24017EEE2160796F00F592B3 /* Realm-ObjCUITests */,
				24017EC92160796F00F592B3 /* Products */,
				7C4B26180E651045EAD76BC1 /* Pods */,
				AED6D498A8469F1A8766DCE6 /* Frameworks */,
			);
			sourceTree = "<group>";
		};
		24017EC92160796F00F592B3 /* Products */ = {
			isa = PBXGroup;
			children = (
				24017EC82160796F00F592B3 /* Realm-ObjC.app */,
				24017EE02160796F00F592B3 /* Realm-ObjCTests.xctest */,
				24017EEB2160796F00F592B3 /* Realm-ObjCUITests.xctest */,
			);
			name = Products;
			sourceTree = "<group>";
		};
		24017ECA2160796F00F592B3 /* Realm-ObjC */ = {
			isa = PBXGroup;
			children = (
				24017ECB2160796F00F592B3 /* AppDelegate.h */,
				24017ECC2160796F00F592B3 /* AppDelegate.m */,
				24017ECE2160796F00F592B3 /* ViewController.h */,
				24017ECF2160796F00F592B3 /* ViewController.m */,
				243B595A216C423F00CBFA28 /* Stu.h */,
				243B595B216C423F00CBFA28 /* Stu.m */,
				24BB8F9F2160C387005324E4 /* Dog.h */,
				24BB8FA02160C387005324E4 /* Dog.m */,
				24BB8F9C2160BED3005324E4 /* Person.h */,
				24BB8F9D2160BED3005324E4 /* Person.m */,
				243B595F216C784900CBFA28 /* DataType.h */,
				243B5960216C784900CBFA28 /* DataType.m */,
				243B5962216C8E5400CBFA28 /* DataMigration.h */,
				243B5963216C8E5400CBFA28 /* DataMigration.m */,
				243B595D216C6B5900CBFA28 /* a.jpeg */,
				24017ED12160796F00F592B3 /* Main.storyboard */,
				24017ED42160796F00F592B3 /* Assets.xcassets */,
				24017ED62160796F00F592B3 /* LaunchScreen.storyboard */,
				24017ED92160796F00F592B3 /* Info.plist */,
				24017EDA2160796F00F592B3 /* main.m */,
			);
			path = "Realm-ObjC";
			sourceTree = "<group>";
		};
		24017EE32160796F00F592B3 /* Realm-ObjCTests */ = {
			isa = PBXGroup;
			children = (
				24017EE42160796F00F592B3 /* Realm_ObjCTests.m */,
				24017EFD21607EEC00F592B3 /* 01_简单的数据操作.m */,
				24017EE62160796F00F592B3 /* Info.plist */,
			);
			path = "Realm-ObjCTests";
			sourceTree = "<group>";
		};
		24017EEE2160796F00F592B3 /* Realm-ObjCUITests */ = {
			isa = PBXGroup;
			children = (
				24017EEF2160796F00F592B3 /* Realm_ObjCUITests.m */,
				24017EF12160796F00F592B3 /* Info.plist */,
			);
			path = "Realm-ObjCUITests";
			sourceTree = "<group>";
		};
		7C4B26180E651045EAD76BC1 /* Pods */ = {
			isa = PBXGroup;
			children = (
				A0944B638A3DABF12E9F2563 /* Pods-Realm-ObjC.debug.xcconfig */,
				04993691AD223F651C33008E /* Pods-Realm-ObjC.release.xcconfig */,
				6D7ABB7784AFB28248CF65E5 /* Pods-Realm-ObjCTests.debug.xcconfig */,
				BB70ED79043703725B6A4BCF /* Pods-Realm-ObjCTests.release.xcconfig */,
			);
			name = Pods;
			sourceTree = "<group>";
		};
		AED6D498A8469F1A8766DCE6 /* Frameworks */ = {
			isa = PBXGroup;
			children = (
				37EBD52AC1E7811735A208C1 /* libPods-Realm-ObjC.a */,
				222258C1E6DA86AF098DC2D8 /* libPods-Realm-ObjCTests.a */,
			);
			name = Frameworks;
			sourceTree = "<group>";
		};
/* End PBXGroup section */

/* Begin PBXNativeTarget section */
		24017EC72160796F00F592B3 /* Realm-ObjC */ = {
			isa = PBXNativeTarget;
			buildConfigurationList = 24017EF42160796F00F592B3 /* Build configuration list for PBXNativeTarget "Realm-ObjC" */;
			buildPhases = (
				42D2A902DC0E54ADCA6331E2 /* [CP] Check Pods Manifest.lock */,
				24017EC42160796F00F592B3 /* Sources */,
				24017EC52160796F00F592B3 /* Frameworks */,
				24017EC62160796F00F592B3 /* Resources */,
			);
			buildRules = (
			);
			dependencies = (
			);
			name = "Realm-ObjC";
			productName = "Realm-ObjC";
			productReference = 24017EC82160796F00F592B3 /* Realm-ObjC.app */;
			productType = "com.apple.product-type.application";
		};
		24017EDF2160796F00F592B3 /* Realm-ObjCTests */ = {
			isa = PBXNativeTarget;
			buildConfigurationList = 24017EF72160796F00F592B3 /* Build configuration list for PBXNativeTarget "Realm-ObjCTests" */;
			buildPhases = (
				D87DD94DE85FB1D9A7814B1F /* [CP] Check Pods Manifest.lock */,
				24017EDC2160796F00F592B3 /* Sources */,
				24017EDD2160796F00F592B3 /* Frameworks */,
				24017EDE2160796F00F592B3 /* Resources */,
			);
			buildRules = (
			);
			dependencies = (
				24017EE22160796F00F592B3 /* PBXTargetDependency */,
			);
			name = "Realm-ObjCTests";
			productName = "Realm-ObjCTests";
			productReference = 24017EE02160796F00F592B3 /* Realm-ObjCTests.xctest */;
			productType = "com.apple.product-type.bundle.unit-test";
		};
		24017EEA2160796F00F592B3 /* Realm-ObjCUITests */ = {
			isa = PBXNativeTarget;
			buildConfigurationList = 24017EFA2160796F00F592B3 /* Build configuration list for PBXNativeTarget "Realm-ObjCUITests" */;
			buildPhases = (
				24017EE72160796F00F592B3 /* Sources */,
				24017EE82160796F00F592B3 /* Frameworks */,
				24017EE92160796F00F592B3 /* Resources */,
			);
			buildRules = (
			);
			dependencies = (
				24017EED2160796F00F592B3 /* PBXTargetDependency */,
			);
			name = "Realm-ObjCUITests";
			productName = "Realm-ObjCUITests";
			productReference = 24017EEB2160796F00F592B3 /* Realm-ObjCUITests.xctest */;
			productType = "com.apple.product-type.bundle.ui-testing";
		};
/* End PBXNativeTarget section */

/* Begin PBXProject section */
		24017EC02160796F00F592B3 /* Project object */ = {
			isa = PBXProject;
			attributes = {
				LastUpgradeCheck = 0920;
				ORGANIZATIONNAME = LiLe;
				TargetAttributes = {
					24017EC72160796F00F592B3 = {
						CreatedOnToolsVersion = 9.2;
						ProvisioningStyle = Automatic;
					};
					24017EDF2160796F00F592B3 = {
						CreatedOnToolsVersion = 9.2;
						ProvisioningStyle = Automatic;
						TestTargetID = 24017EC72160796F00F592B3;
					};
					24017EEA2160796F00F592B3 = {
						CreatedOnToolsVersion = 9.2;
						ProvisioningStyle = Automatic;
						TestTargetID = 24017EC72160796F00F592B3;
					};
				};
			};
			buildConfigurationList = 24017EC32160796F00F592B3 /* Build configuration list for PBXProject "Realm-ObjC" */;
			compatibilityVersion = "Xcode 8.0";
			developmentRegion = en;
			hasScannedForEncodings = 0;
			knownRegions = (
				en,
				Base,
			);
			mainGroup = 24017EBF2160796F00F592B3;
			productRefGroup = 24017EC92160796F00F592B3 /* Products */;
			projectDirPath = "";
			projectRoot = "";
			targets = (
				24017EC72160796F00F592B3 /* Realm-ObjC */,
				24017EDF2160796F00F592B3 /* Realm-ObjCTests */,
				24017EEA2160796F00F592B3 /* Realm-ObjCUITests */,
			);
		};
/* End PBXProject section */

/* Begin PBXResourcesBuildPhase section */
		24017EC62160796F00F592B3 /* Resources */ = {
			isa = PBXResourcesBuildPhase;
			buildActionMask = 2147483647;
			files = (
				24017ED82160796F00F592B3 /* LaunchScreen.storyboard in Resources */,
				24017ED52160796F00F592B3 /* Assets.xcassets in Resources */,
				24017ED32160796F00F592B3 /* Main.storyboard in Resources */,
				243B595E216C6B5900CBFA28 /* a.jpeg in Resources */,
			);
			runOnlyForDeploymentPostprocessing = 0;
		};
		24017EDE2160796F00F592B3 /* Resources */ = {
			isa = PBXResourcesBuildPhase;
			buildActionMask = 2147483647;
			files = (
			);
			runOnlyForDeploymentPostprocessing = 0;
		};
		24017EE92160796F00F592B3 /* Resources */ = {
			isa = PBXResourcesBuildPhase;
			buildActionMask = 2147483647;
			files = (
			);
			runOnlyForDeploymentPostprocessing = 0;
		};
/* End PBXResourcesBuildPhase section */

/* Begin PBXShellScriptBuildPhase section */
		42D2A902DC0E54ADCA6331E2 /* [CP] Check Pods Manifest.lock */ = {
			isa = PBXShellScriptBuildPhase;
			buildActionMask = 2147483647;
			files = (
			);
			inputPaths = (
				"${PODS_PODFILE_DIR_PATH}/Podfile.lock",
				"${PODS_ROOT}/Manifest.lock",
			);
			name = "[CP] Check Pods Manifest.lock";
			outputPaths = (
				"$(DERIVED_FILE_DIR)/Pods-Realm-ObjC-checkManifestLockResult.txt",
			);
			runOnlyForDeploymentPostprocessing = 0;
			shellPath = /bin/sh;
			shellScript = "diff \"${PODS_PODFILE_DIR_PATH}/Podfile.lock\" \"${PODS_ROOT}/Manifest.lock\" > /dev/null\nif [ $? != 0 ] ; then\n    # print error to STDERR\n    echo \"error: The sandbox is not in sync with the Podfile.lock. Run 'pod install' or update your CocoaPods installation.\" >&2\n    exit 1\nfi\n# This output is used by Xcode 'outputs' to avoid re-running this script phase.\necho \"SUCCESS\" > \"${SCRIPT_OUTPUT_FILE_0}\"\n";
			showEnvVarsInLog = 0;
		};
		D87DD94DE85FB1D9A7814B1F /* [CP] Check Pods Manifest.lock */ = {
			isa = PBXShellScriptBuildPhase;
			buildActionMask = 2147483647;
			files = (
			);
			inputPaths = (
				"${PODS_PODFILE_DIR_PATH}/Podfile.lock",
				"${PODS_ROOT}/Manifest.lock",
			);
			name = "[CP] Check Pods Manifest.lock";
			outputPaths = (
				"$(DERIVED_FILE_DIR)/Pods-Realm-ObjCTests-checkManifestLockResult.txt",
			);
			runOnlyForDeploymentPostprocessing = 0;
			shellPath = /bin/sh;
			shellScript = "diff \"${PODS_PODFILE_DIR_PATH}/Podfile.lock\" \"${PODS_ROOT}/Manifest.lock\" > /dev/null\nif [ $? != 0 ] ; then\n    # print error to STDERR\n    echo \"error: The sandbox is not in sync with the Podfile.lock. Run 'pod install' or update your CocoaPods installation.\" >&2\n    exit 1\nfi\n# This output is used by Xcode 'outputs' to avoid re-running this script phase.\necho \"SUCCESS\" > \"${SCRIPT_OUTPUT_FILE_0}\"\n";
			showEnvVarsInLog = 0;
		};
/* End PBXShellScriptBuildPhase section */

/* Begin PBXSourcesBuildPhase section */
		24017EC42160796F00F592B3 /* Sources */ = {
			isa = PBXSourcesBuildPhase;
			buildActionMask = 2147483647;
			files = (
				243B595C216C423F00CBFA28 /* Stu.m in Sources */,
				243B5961216C784900CBFA28 /* DataType.m in Sources */,
				24017ED02160796F00F592B3 /* ViewController.m in Sources */,
				24BB8F9E2160BED3005324E4 /* Person.m in Sources */,
				24BB8FA12160C387005324E4 /* Dog.m in Sources */,
				24017EDB2160796F00F592B3 /* main.m in Sources */,
				243B5964216C8E5400CBFA28 /* DataMigration.m in Sources */,
				24017ECD2160796F00F592B3 /* AppDelegate.m in Sources */,
			);
			runOnlyForDeploymentPostprocessing = 0;
		};
		24017EDC2160796F00F592B3 /* Sources */ = {
			isa = PBXSourcesBuildPhase;
			buildActionMask = 2147483647;
			files = (
				24017EE52160796F00F592B3 /* Realm_ObjCTests.m in Sources */,
				24017EFE21607EEC00F592B3 /* 01_简单的数据操作.m in Sources */,
			);
			runOnlyForDeploymentPostprocessing = 0;
		};
		24017EE72160796F00F592B3 /* Sources */ = {
			isa = PBXSourcesBuildPhase;
			buildActionMask = 2147483647;
			files = (
				24017EF02160796F00F592B3 /* Realm_ObjCUITests.m in Sources */,
			);
			runOnlyForDeploymentPostprocessing = 0;
		};
/* End PBXSourcesBuildPhase section */

/* Begin PBXTargetDependency section */
		24017EE22160796F00F592B3 /* PBXTargetDependency */ = {
			isa = PBXTargetDependency;
			target = 24017EC72160796F00F592B3 /* Realm-ObjC */;
			targetProxy = 24017EE12160796F00F592B3 /* PBXContainerItemProxy */;
		};
		24017EED2160796F00F592B3 /* PBXTargetDependency */ = {
			isa = PBXTargetDependency;
			target = 24017EC72160796F00F592B3 /* Realm-ObjC */;
			targetProxy = 24017EEC2160796F00F592B3 /* PBXContainerItemProxy */;
		};
/* End PBXTargetDependency section */

/* Begin PBXVariantGroup section */
		24017ED12160796F00F592B3 /* Main.storyboard */ = {
			isa = PBXVariantGroup;
			children = (
				24017ED22160796F00F592B3 /* Base */,
			);
			name = Main.storyboard;
			sourceTree = "<group>";
		};
		24017ED62160796F00F592B3 /* LaunchScreen.storyboard */ = {
			isa = PBXVariantGroup;
			children = (
				24017ED72160796F00F592B3 /* Base */,
			);
			name = LaunchScreen.storyboard;
			sourceTree = "<group>";
		};
/* End PBXVariantGroup section */

/* Begin XCBuildConfiguration section */
		24017EF22160796F00F592B3 /* Debug */ = {
			isa = XCBuildConfiguration;
			buildSettings = {
				ALWAYS_SEARCH_USER_PATHS = NO;
				CLANG_ANALYZER_NONNULL = YES;
				CLANG_ANALYZER_NUMBER_OBJECT_CONVERSION = YES_AGGRESSIVE;
				CLANG_CXX_LANGUAGE_STANDARD = "gnu++14";
				CLANG_CXX_LIBRARY = "libc++";
				CLANG_ENABLE_MODULES = YES;
				CLANG_ENABLE_OBJC_ARC = YES;
				CLANG_WARN_BLOCK_CAPTURE_AUTORELEASING = YES;
				CLANG_WARN_BOOL_CONVERSION = YES;
				CLANG_WARN_COMMA = YES;
				CLANG_WARN_CONSTANT_CONVERSION = YES;
				CLANG_WARN_DIRECT_OBJC_ISA_USAGE = YES_ERROR;
				CLANG_WARN_DOCUMENTATION_COMMENTS = YES;
				CLANG_WARN_EMPTY_BODY = YES;
				CLANG_WARN_ENUM_CONVERSION = YES;
				CLANG_WARN_INFINITE_RECURSION = YES;
				CLANG_WARN_INT_CONVERSION = YES;
				CLANG_WARN_NON_LITERAL_NULL_CONVERSION = YES;
				CLANG_WARN_OBJC_LITERAL_CONVERSION = YES;
				CLANG_WARN_OBJC_ROOT_CLASS = YES_ERROR;
				CLANG_WARN_RANGE_LOOP_ANALYSIS = YES;
				CLANG_WARN_STRICT_PROTOTYPES = YES;
				CLANG_WARN_SUSPICIOUS_MOVE = YES;
				CLANG_WARN_UNGUARDED_AVAILABILITY = YES_AGGRESSIVE;
				CLANG_WARN_UNREACHABLE_CODE = YES;
				CLANG_WARN__DUPLICATE_METHOD_MATCH = YES;
				CODE_SIGN_IDENTITY = "iPhone Developer";
				COPY_PHASE_STRIP = NO;
				DEBUG_INFORMATION_FORMAT = dwarf;
				ENABLE_STRICT_OBJC_MSGSEND = YES;
				ENABLE_TESTABILITY = YES;
				GCC_C_LANGUAGE_STANDARD = gnu11;
				GCC_DYNAMIC_NO_PIC = NO;
				GCC_NO_COMMON_BLOCKS = YES;
				GCC_OPTIMIZATION_LEVEL = 0;
				GCC_PREPROCESSOR_DEFINITIONS = (
					"DEBUG=1",
					"$(inherited)",
				);
				GCC_WARN_64_TO_32_BIT_CONVERSION = YES;
				GCC_WARN_ABOUT_RETURN_TYPE = YES_ERROR;
				GCC_WARN_UNDECLARED_SELECTOR = YES;
				GCC_WARN_UNINITIALIZED_AUTOS = YES_AGGRESSIVE;
				GCC_WARN_UNUSED_FUNCTION = YES;
				GCC_WARN_UNUSED_VARIABLE = YES;
				IPHONEOS_DEPLOYMENT_TARGET = 11.2;
				MTL_ENABLE_DEBUG_INFO = YES;
				ONLY_ACTIVE_ARCH = YES;
				SDKROOT = iphoneos;
			};
			name = Debug;
		};
		24017EF32160796F00F592B3 /* Release */ = {
			isa = XCBuildConfiguration;
			buildSettings = {
				ALWAYS_SEARCH_USER_PATHS = NO;
				CLANG_ANALYZER_NONNULL = YES;
				CLANG_ANALYZER_NUMBER_OBJECT_CONVERSION = YES_AGGRESSIVE;
				CLANG_CXX_LANGUAGE_STANDARD = "gnu++14";
				CLANG_CXX_LIBRARY = "libc++";
				CLANG_ENABLE_MODULES = YES;
				CLANG_ENABLE_OBJC_ARC = YES;
				CLANG_WARN_BLOCK_CAPTURE_AUTORELEASING = YES;
				CLANG_WARN_BOOL_CONVERSION = YES;
				CLANG_WARN_COMMA = YES;
				CLANG_WARN_CONSTANT_CONVERSION = YES;
				CLANG_WARN_DIRECT_OBJC_ISA_USAGE = YES_ERROR;
				CLANG_WARN_DOCUMENTATION_COMMENTS = YES;
				CLANG_WARN_EMPTY_BODY = YES;
				CLANG_WARN_ENUM_CONVERSION = YES;
				CLANG_WARN_INFINITE_RECURSION = YES;
				CLANG_WARN_INT_CONVERSION = YES;
				CLANG_WARN_NON_LITERAL_NULL_CONVERSION = YES;
				CLANG_WARN_OBJC_LITERAL_CONVERSION = YES;
				CLANG_WARN_OBJC_ROOT_CLASS = YES_ERROR;
				CLANG_WARN_RANGE_LOOP_ANALYSIS = YES;
				CLANG_WARN_STRICT_PROTOTYPES = YES;
				CLANG_WARN_SUSPICIOUS_MOVE = YES;
				CLANG_WARN_UNGUARDED_AVAILABILITY = YES_AGGRESSIVE;
				CLANG_WARN_UNREACHABLE_CODE = YES;
				CLANG_WARN__DUPLICATE_METHOD_MATCH = YES;
				CODE_SIGN_IDENTITY = "iPhone Developer";
				COPY_PHASE_STRIP = NO;
				DEBUG_INFORMATION_FORMAT = "dwarf-with-dsym";
				ENABLE_NS_ASSERTIONS = NO;
				ENABLE_STRICT_OBJC_MSGSEND = YES;
				GCC_C_LANGUAGE_STANDARD = gnu11;
				GCC_NO_COMMON_BLOCKS = YES;
				GCC_WARN_64_TO_32_BIT_CONVERSION = YES;
				GCC_WARN_ABOUT_RETURN_TYPE = YES_ERROR;
				GCC_WARN_UNDECLARED_SELECTOR = YES;
				GCC_WARN_UNINITIALIZED_AUTOS = YES_AGGRESSIVE;
				GCC_WARN_UNUSED_FUNCTION = YES;
				GCC_WARN_UNUSED_VARIABLE = YES;
				IPHONEOS_DEPLOYMENT_TARGET = 11.2;
				MTL_ENABLE_DEBUG_INFO = NO;
				SDKROOT = iphoneos;
				VALIDATE_PRODUCT = YES;
			};
			name = Release;
		};
		24017EF52160796F00F592B3 /* Debug */ = {
			isa = XCBuildConfiguration;
			baseConfigurationReference = A0944B638A3DABF12E9F2563 /* Pods-Realm-ObjC.debug.xcconfig */;
			buildSettings = {
				ASSETCATALOG_COMPILER_APPICON_NAME = AppIcon;
				CODE_SIGN_STYLE = Automatic;
				DEVELOPMENT_TEAM = 8R4CG5XT74;
				INFOPLIST_FILE = "Realm-ObjC/Info.plist";
				LD_RUNPATH_SEARCH_PATHS = "$(inherited) @executable_path/Frameworks";
				PRODUCT_BUNDLE_IDENTIFIER = "com.alpha.Realm-ObjC";
				PRODUCT_NAME = "$(TARGET_NAME)";
				TARGETED_DEVICE_FAMILY = "1,2";
			};
			name = Debug;
		};
		24017EF62160796F00F592B3 /* Release */ = {
			isa = XCBuildConfiguration;
			baseConfigurationReference = 04993691AD223F651C33008E /* Pods-Realm-ObjC.release.xcconfig */;
			buildSettings = {
				ASSETCATALOG_COMPILER_APPICON_NAME = AppIcon;
				CODE_SIGN_STYLE = Automatic;
				DEVELOPMENT_TEAM = 8R4CG5XT74;
				INFOPLIST_FILE = "Realm-ObjC/Info.plist";
				LD_RUNPATH_SEARCH_PATHS = "$(inherited) @executable_path/Frameworks";
				PRODUCT_BUNDLE_IDENTIFIER = "com.alpha.Realm-ObjC";
				PRODUCT_NAME = "$(TARGET_NAME)";
				TARGETED_DEVICE_FAMILY = "1,2";
			};
			name = Release;
		};
		24017EF82160796F00F592B3 /* Debug */ = {
			isa = XCBuildConfiguration;
			baseConfigurationReference = 6D7ABB7784AFB28248CF65E5 /* Pods-Realm-ObjCTests.debug.xcconfig */;
			buildSettings = {
				BUNDLE_LOADER = "$(TEST_HOST)";
				CODE_SIGN_STYLE = Automatic;
				DEVELOPMENT_TEAM = 8R4CG5XT74;
				INFOPLIST_FILE = "Realm-ObjCTests/Info.plist";
				LD_RUNPATH_SEARCH_PATHS = "$(inherited) @executable_path/Frameworks @loader_path/Frameworks";
				PRODUCT_BUNDLE_IDENTIFIER = "com.alpha.Realm-ObjCTests";
				PRODUCT_NAME = "$(TARGET_NAME)";
				TARGETED_DEVICE_FAMILY = "1,2";
				TEST_HOST = "$(BUILT_PRODUCTS_DIR)/Realm-ObjC.app/Realm-ObjC";
			};
			name = Debug;
		};
		24017EF92160796F00F592B3 /* Release */ = {
			isa = XCBuildConfiguration;
			baseConfigurationReference = BB70ED79043703725B6A4BCF /* Pods-Realm-ObjCTests.release.xcconfig */;
			buildSettings = {
				BUNDLE_LOADER = "$(TEST_HOST)";
				CODE_SIGN_STYLE = Automatic;
				DEVELOPMENT_TEAM = 8R4CG5XT74;
				INFOPLIST_FILE = "Realm-ObjCTests/Info.plist";
				LD_RUNPATH_SEARCH_PATHS = "$(inherited) @executable_path/Frameworks @loader_path/Frameworks";
				PRODUCT_BUNDLE_IDENTIFIER = "com.alpha.Realm-ObjCTests";
				PRODUCT_NAME = "$(TARGET_NAME)";
				TARGETED_DEVICE_FAMILY = "1,2";
				TEST_HOST = "$(BUILT_PRODUCTS_DIR)/Realm-ObjC.app/Realm-ObjC";
			};
			name = Release;
		};
		24017EFB2160796F00F592B3 /* Debug */ = {
			isa = XCBuildConfiguration;
			buildSettings = {
				CODE_SIGN_STYLE = Automatic;
				DEVELOPMENT_TEAM = 8R4CG5XT74;
				INFOPLIST_FILE = "Realm-ObjCUITests/Info.plist";
				LD_RUNPATH_SEARCH_PATHS = "$(inherited) @executable_path/Frameworks @loader_path/Frameworks";
				PRODUCT_BUNDLE_IDENTIFIER = "com.alpha.Realm-ObjCUITests";
				PRODUCT_NAME = "$(TARGET_NAME)";
				TARGETED_DEVICE_FAMILY = "1,2";
				TEST_TARGET_NAME = "Realm-ObjC";
			};
			name = Debug;
		};
		24017EFC2160796F00F592B3 /* Release */ = {
			isa = XCBuildConfiguration;
			buildSettings = {
				CODE_SIGN_STYLE = Automatic;
				DEVELOPMENT_TEAM = 8R4CG5XT74;
				INFOPLIST_FILE = "Realm-ObjCUITests/Info.plist";
				LD_RUNPATH_SEARCH_PATHS = "$(inherited) @executable_path/Frameworks @loader_path/Frameworks";
				PRODUCT_BUNDLE_IDENTIFIER = "com.alpha.Realm-ObjCUITests";
				PRODUCT_NAME = "$(TARGET_NAME)";
				TARGETED_DEVICE_FAMILY = "1,2";
				TEST_TARGET_NAME = "Realm-ObjC";
			};
			name = Release;
		};
/* End XCBuildConfiguration section */

/* Begin XCConfigurationList section */
		24017EC32160796F00F592B3 /* Build configuration list for PBXProject "Realm-ObjC" */ = {
			isa = XCConfigurationList;
			buildConfigurations = (
				24017EF22160796F00F592B3 /* Debug */,
				24017EF32160796F00F592B3 /* Release */,
			);
			defaultConfigurationIsVisible = 0;
			defaultConfigurationName = Release;
		};
		24017EF42160796F00F592B3 /* Build configuration list for PBXNativeTarget "Realm-ObjC" */ = {
			isa = XCConfigurationList;
			buildConfigurations = (
				24017EF52160796F00F592B3 /* Debug */,
				24017EF62160796F00F592B3 /* Release */,
			);
			defaultConfigurationIsVisible = 0;
			defaultConfigurationName = Release;
		};
		24017EF72160796F00F592B3 /* Build configuration list for PBXNativeTarget "Realm-ObjCTests" */ = {
			isa = XCConfigurationList;
			buildConfigurations = (
				24017EF82160796F00F592B3 /* Debug */,
				24017EF92160796F00F592B3 /* Release */,
			);
			defaultConfigurationIsVisible = 0;
			defaultConfigurationName = Release;
		};
		24017EFA2160796F00F592B3 /* Build configuration list for PBXNativeTarget "Realm-ObjCUITests" */ = {
			isa = XCConfigurationList;
			buildConfigurations = (
				24017EFB2160796F00F592B3 /* Debug */,
				24017EFC2160796F00F592B3 /* Release */,
			);
			defaultConfigurationIsVisible = 0;
			defaultConfigurationName = Release;
		};
/* End XCConfigurationList section */
	};
	rootObject = 24017EC02160796F00F592B3 /* Project object */;
}
